
Microsoft Visual Studio Solution File, Format Version 12.00
# Visual Studio Version 16
VisualStudioVersion = 16.0.30517.126
MinimumVisualStudioVersion = 10.0.40219.1
Project("{8BC9CEB8-8B4A-11D0-8D11-00A0C91BC942}") = "BullCowGame", "BullCowGame\BullCowGame.vcxproj", "{76F766BC-1037-469B-AA7F-4AF60CC84ABB}"
EndProject
Global
	GlobalSection(SolutionConfigurationPlatforms) = preSolution
		Debug|x64 = Debug|x64
		Debug|x86 = Debug|x86
		Release|x64 = Release|x64
		Release|x86 = Release|x86
	EndGlobalSection
	GlobalSection(ProjectConfigurationPlatforms) = postSolution
		{76F766BC-1037-469B-AA7F-4AF60CC84ABB}.Debug|x64.ActiveCfg = Debug|x64
		{76F766BC-1037-469B-AA7F-4AF60CC84ABB}.Debug|x64.Build.0 = Debug|x64
		{76F766BC-1037-469B-AA7F-4AF60CC84ABB}.Debug|x86.ActiveCfg = Debug|Win32
		{76F766BC-1037-469B-AA7F-4AF60CC84ABB}.Debug|x86.Build.0 = Debug|Win32
		{76F766BC-1037-469B-AA7F-4AF60CC84ABB}.Release|x64.ActiveCfg = Release|x64
		{76F766BC-1037-469B-AA7F-4AF60CC84ABB}.Release|x64.Build.0 = Release|x64
		{76F766BC-1037-469B-AA7F-4AF60CC84ABB}.Release|x86.ActiveCfg = Release|Win32
		{76F766BC-1037-469B-AA7F-4AF60CC84ABB}.Release|x86.Build.0 = Release|Win32
	EndGlobalSection
	GlobalSection(SolutionProperties) = preSolution
		HideSolutionNode = FALSE
	EndGlobalSection
	GlobalSection(ExtensibilityGlobals) = postSolution
		SolutionGuid = {95A50231-2C71-40EF-82ED-FA2DA1FC68A3}
	EndGlobalSection
EndGlobal
